
Microsoft Visual Studio Solution File, Format Version 12.00
# Visual Studio 2012
Project("{FAE04EC0-301F-11D3-BF4B-00C04F79EFBC}") = "MetroWinPad", "MetroWinPad\MetroWinPad.csproj", "{021980A2-FA29-4887-90B2-8A3D5965FFFC}"
EndProject
Project("{FAE04EC0-301F-11D3-BF4B-00C04F79EFBC}") = "MetroLogServer", "MetroLogServer\MetroLogServer.csproj", "{3E5B1BBA-AB77-4E95-B348-19EC053598F6}"
EndProject
Global
	GlobalSection(SolutionConfigurationPlatforms) = preSolution
		Debug|ARM = Debug|ARM
		Debug|Any CPU = Debug|Any CPU
		Debug|x64 = Debug|x64
		Debug|x86 = Debug|x86
		Release|ARM = Release|ARM
		Release|Any CPU = Release|Any CPU
		Release|x64 = Release|x64
		Release|x86 = Release|x86
	EndGlobalSection
	GlobalSection(ProjectConfigurationPlatforms) = postSolution
		{021980A2-FA29-4887-90B2-8A3D5965FFFC}.Debug|ARM.ActiveCfg = Debug|ARM
		{021980A2-FA29-4887-90B2-8A3D5965FFFC}.Debug|ARM.Build.0 = Debug|ARM
		{021980A2-FA29-4887-90B2-8A3D5965FFFC}.Debug|ARM.Deploy.0 = Debug|ARM
		{021980A2-FA29-4887-90B2-8A3D5965FFFC}.Debug|Any CPU.ActiveCfg = Debug|Any CPU
		{021980A2-FA29-4887-90B2-8A3D5965FFFC}.Debug|Any CPU.Build.0 = Debug|Any CPU
		{021980A2-FA29-4887-90B2-8A3D5965FFFC}.Debug|Any CPU.Deploy.0 = Debug|Any CPU
		{021980A2-FA29-4887-90B2-8A3D5965FFFC}.Debug|x64.ActiveCfg = Debug|x64
		{021980A2-FA29-4887-90B2-8A3D5965FFFC}.Debug|x64.Build.0 = Debug|x64
		{021980A2-FA29-4887-90B2-8A3D5965FFFC}.Debug|x64.Deploy.0 = Debug|x64
		{021980A2-FA29-4887-90B2-8A3D5965FFFC}.Debug|x86.ActiveCfg = Debug|x86
		{021980A2-FA29-4887-90B2-8A3D5965FFFC}.Debug|x86.Build.0 = Debug|x86
		{021980A2-FA29-4887-90B2-8A3D5965FFFC}.Debug|x86.Deploy.0 = Debug|x86
		{021980A2-FA29-4887-90B2-8A3D5965FFFC}.Release|ARM.ActiveCfg = Release|ARM
		{021980A2-FA29-4887-90B2-8A3D5965FFFC}.Release|ARM.Build.0 = Release|ARM
		{021980A2-FA29-4887-90B2-8A3D5965FFFC}.Release|ARM.Deploy.0 = Release|ARM
		{021980A2-FA29-4887-90B2-8A3D5965FFFC}.Release|Any CPU.ActiveCfg = Release|Any CPU
		{021980A2-FA29-4887-90B2-8A3D5965FFFC}.Release|Any CPU.Build.0 = Release|Any CPU
		{021980A2-FA29-4887-90B2-8A3D5965FFFC}.Release|Any CPU.Deploy.0 = Release|Any CPU
		{021980A2-FA29-4887-90B2-8A3D5965FFFC}.Release|x64.ActiveCfg = Release|x64
		{021980A2-FA29-4887-90B2-8A3D5965FFFC}.Release|x64.Build.0 = Release|x64
		{021980A2-FA29-4887-90B2-8A3D5965FFFC}.Release|x64.Deploy.0 = Release|x64
		{021980A2-FA29-4887-90B2-8A3D5965FFFC}.Release|x86.ActiveCfg = Release|x86
		{021980A2-FA29-4887-90B2-8A3D5965FFFC}.Release|x86.Build.0 = Release|x86
		{021980A2-FA29-4887-90B2-8A3D5965FFFC}.Release|x86.Deploy.0 = Release|x86
		{3E5B1BBA-AB77-4E95-B348-19EC053598F6}.Debug|ARM.ActiveCfg = Debug|Any CPU
		{3E5B1BBA-AB77-4E95-B348-19EC053598F6}.Debug|Any CPU.ActiveCfg = Debug|Any CPU
		{3E5B1BBA-AB77-4E95-B348-19EC053598F6}.Debug|Any CPU.Build.0 = Debug|Any CPU
		{3E5B1BBA-AB77-4E95-B348-19EC053598F6}.Debug|x64.ActiveCfg = Debug|Any CPU
		{3E5B1BBA-AB77-4E95-B348-19EC053598F6}.Debug|x86.ActiveCfg = Debug|Any CPU
		{3E5B1BBA-AB77-4E95-B348-19EC053598F6}.Release|ARM.ActiveCfg = Release|Any CPU
		{3E5B1BBA-AB77-4E95-B348-19EC053598F6}.Release|Any CPU.ActiveCfg = Release|Any CPU
		{3E5B1BBA-AB77-4E95-B348-19EC053598F6}.Release|Any CPU.Build.0 = Release|Any CPU
		{3E5B1BBA-AB77-4E95-B348-19EC053598F6}.Release|x64.ActiveCfg = Release|Any CPU
		{3E5B1BBA-AB77-4E95-B348-19EC053598F6}.Release|x86.ActiveCfg = Release|Any CPU
	EndGlobalSection
	GlobalSection(SolutionProperties) = preSolution
		HideSolutionNode = FALSE
	EndGlobalSection
EndGlobal
